
Microsoft Visual Studio Solution File, Format Version 12.00
# Visual Studio Version 16
VisualStudioVersion = 16.0.28803.202
MinimumVisualStudioVersion = 10.0.40219.1
Project("{9A19103F-16F7-4668-BE54-9A1E7A4F7556}") = "F0.Cli.Example", "F0.Cli.Example\F0.Cli.Example.csproj", "{7624F574-DAB1-42C6-ACA4-34A3BE803626}"
EndProject
Project("{9A19103F-16F7-4668-BE54-9A1E7A4F7556}") = "F0.Cli", "..\production\F0.Cli\F0.Cli.csproj", "{1E401AD9-62A1-4310-B31A-391F8B44A2D4}"
EndProject
Global
	GlobalSection(SolutionConfigurationPlatforms) = preSolution
		Debug|Any CPU = Debug|Any CPU
		Release|Any CPU = Release|Any CPU
	EndGlobalSection
	GlobalSection(ProjectConfigurationPlatforms) = postSolution
		{7624F574-DAB1-42C6-ACA4-34A3BE803626}.Debug|Any CPU.ActiveCfg = Debug|Any CPU
		{7624F574-DAB1-42C6-ACA4-34A3BE803626}.Debug|Any CPU.Build.0 = Debug|Any CPU
		{7624F574-DAB1-42C6-ACA4-34A3BE803626}.Release|Any CPU.ActiveCfg = Release|Any CPU
		{7624F574-DAB1-42C6-ACA4-34A3BE803626}.Release|Any CPU.Build.0 = Release|Any CPU
		{1E401AD9-62A1-4310-B31A-391F8B44A2D4}.Debug|Any CPU.ActiveCfg = Debug|Any CPU
		{1E401AD9-62A1-4310-B31A-391F8B44A2D4}.Debug|Any CPU.Build.0 = Debug|Any CPU
		{1E401AD9-62A1-4310-B31A-391F8B44A2D4}.Release|Any CPU.ActiveCfg = Release|Any CPU
		{1E401AD9-62A1-4310-B31A-391F8B44A2D4}.Release|Any CPU.Build.0 = Release|Any CPU
	EndGlobalSection
	GlobalSection(SolutionProperties) = preSolution
		HideSolutionNode = FALSE
	EndGlobalSection
	GlobalSection(ExtensibilityGlobals) = postSolution
		SolutionGuid = {C62A12A3-8251-4A5C-B802-E1FD186A20C5}
	EndGlobalSection
EndGlobal
