
Microsoft Visual Studio Solution File, Format Version 12.00
# Visual Studio Version 16
VisualStudioVersion = 16.0.28803.202
MinimumVisualStudioVersion = 10.0.40219.1
Project("{9A19103F-16F7-4668-BE54-9A1E7A4F7556}") = "F0.Cli", "F0.Cli\F0.Cli.csproj", "{FEC4B4B0-2489-41DC-8C59-98D4B58B6C44}"
EndProject
Project("{9A19103F-16F7-4668-BE54-9A1E7A4F7556}") = "F0.Cli.Tests", "F0.Cli.Tests\F0.Cli.Tests.csproj", "{CE7EA7E9-1854-4981-8249-D2824F63FAF1}"
EndProject
Global
	GlobalSection(SolutionConfigurationPlatforms) = preSolution
		Debug|Any CPU = Debug|Any CPU
		Release|Any CPU = Release|Any CPU
	EndGlobalSection
	GlobalSection(ProjectConfigurationPlatforms) = postSolution
		{FEC4B4B0-2489-41DC-8C59-98D4B58B6C44}.Debug|Any CPU.ActiveCfg = Debug|Any CPU
		{FEC4B4B0-2489-41DC-8C59-98D4B58B6C44}.Debug|Any CPU.Build.0 = Debug|Any CPU
		{FEC4B4B0-2489-41DC-8C59-98D4B58B6C44}.Release|Any CPU.ActiveCfg = Release|Any CPU
		{FEC4B4B0-2489-41DC-8C59-98D4B58B6C44}.Release|Any CPU.Build.0 = Release|Any CPU
		{CE7EA7E9-1854-4981-8249-D2824F63FAF1}.Debug|Any CPU.ActiveCfg = Debug|Any CPU
		{CE7EA7E9-1854-4981-8249-D2824F63FAF1}.Debug|Any CPU.Build.0 = Debug|Any CPU
		{CE7EA7E9-1854-4981-8249-D2824F63FAF1}.Release|Any CPU.ActiveCfg = Release|Any CPU
		{CE7EA7E9-1854-4981-8249-D2824F63FAF1}.Release|Any CPU.Build.0 = Release|Any CPU
	EndGlobalSection
	GlobalSection(SolutionProperties) = preSolution
		HideSolutionNode = FALSE
	EndGlobalSection
	GlobalSection(ExtensibilityGlobals) = postSolution
		SolutionGuid = {CD83C2AD-71A8-49BD-90E4-5677B9B89520}
	EndGlobalSection
EndGlobal
