
Microsoft Visual Studio Solution File, Format Version 12.00
# Visual Studio Version 16
VisualStudioVersion = 16.0.29201.188
MinimumVisualStudioVersion = 10.0.40219.1
Project("{9A19103F-16F7-4668-BE54-9A1E7A4F7556}") = "F0.Cli.Tests", "F0.Cli.Tests\F0.Cli.Tests.csproj", "{28EDCD2B-48F7-4AA1-A024-9171FC84976A}"
EndProject
Project("{9A19103F-16F7-4668-BE54-9A1E7A4F7556}") = "F0.Cli", "..\production\F0.Cli\F0.Cli.csproj", "{5AECB773-9748-44FC-ABEB-DE4CF7A20D8A}"
EndProject
Global
	GlobalSection(SolutionConfigurationPlatforms) = preSolution
		Debug|Any CPU = Debug|Any CPU
		Release|Any CPU = Release|Any CPU
	EndGlobalSection
	GlobalSection(ProjectConfigurationPlatforms) = postSolution
		{28EDCD2B-48F7-4AA1-A024-9171FC84976A}.Debug|Any CPU.ActiveCfg = Debug|Any CPU
		{28EDCD2B-48F7-4AA1-A024-9171FC84976A}.Debug|Any CPU.Build.0 = Debug|Any CPU
		{28EDCD2B-48F7-4AA1-A024-9171FC84976A}.Release|Any CPU.ActiveCfg = Release|Any CPU
		{28EDCD2B-48F7-4AA1-A024-9171FC84976A}.Release|Any CPU.Build.0 = Release|Any CPU
		{5AECB773-9748-44FC-ABEB-DE4CF7A20D8A}.Debug|Any CPU.ActiveCfg = Debug|Any CPU
		{5AECB773-9748-44FC-ABEB-DE4CF7A20D8A}.Debug|Any CPU.Build.0 = Debug|Any CPU
		{5AECB773-9748-44FC-ABEB-DE4CF7A20D8A}.Release|Any CPU.ActiveCfg = Release|Any CPU
		{5AECB773-9748-44FC-ABEB-DE4CF7A20D8A}.Release|Any CPU.Build.0 = Release|Any CPU
	EndGlobalSection
	GlobalSection(SolutionProperties) = preSolution
		HideSolutionNode = FALSE
	EndGlobalSection
	GlobalSection(ExtensibilityGlobals) = postSolution
		SolutionGuid = {605A593A-2275-44AF-BDD6-62A41AAD1005}
	EndGlobalSection
EndGlobal
