
Microsoft Visual Studio Solution File, Format Version 12.00
# Visual Studio Version 16
VisualStudioVersion = 16.0.28803.202
MinimumVisualStudioVersion = 10.0.40219.1
Project("{9A19103F-16F7-4668-BE54-9A1E7A4F7556}") = "F0.Cli", "production\F0.Cli\F0.Cli.csproj", "{F4D7437B-AC71-445D-B109-9952816E75D0}"
EndProject
Project("{9A19103F-16F7-4668-BE54-9A1E7A4F7556}") = "F0.Cli.Tests", "test\F0.Cli.Tests\F0.Cli.Tests.csproj", "{DC376341-2ED1-4DBC-93B3-5758048E2D06}"
EndProject
Project("{9A19103F-16F7-4668-BE54-9A1E7A4F7556}") = "F0.Cli.Example", "example\F0.Cli.Example\F0.Cli.Example.csproj", "{35BAD064-5B55-42EA-9EAD-D3E86356E3D4}"
EndProject
Global
	GlobalSection(SolutionConfigurationPlatforms) = preSolution
		Debug|Any CPU = Debug|Any CPU
		Release|Any CPU = Release|Any CPU
	EndGlobalSection
	GlobalSection(ProjectConfigurationPlatforms) = postSolution
		{F4D7437B-AC71-445D-B109-9952816E75D0}.Debug|Any CPU.ActiveCfg = Debug|Any CPU
		{F4D7437B-AC71-445D-B109-9952816E75D0}.Debug|Any CPU.Build.0 = Debug|Any CPU
		{F4D7437B-AC71-445D-B109-9952816E75D0}.Release|Any CPU.ActiveCfg = Release|Any CPU
		{F4D7437B-AC71-445D-B109-9952816E75D0}.Release|Any CPU.Build.0 = Release|Any CPU
		{DC376341-2ED1-4DBC-93B3-5758048E2D06}.Debug|Any CPU.ActiveCfg = Debug|Any CPU
		{DC376341-2ED1-4DBC-93B3-5758048E2D06}.Debug|Any CPU.Build.0 = Debug|Any CPU
		{DC376341-2ED1-4DBC-93B3-5758048E2D06}.Release|Any CPU.ActiveCfg = Release|Any CPU
		{DC376341-2ED1-4DBC-93B3-5758048E2D06}.Release|Any CPU.Build.0 = Release|Any CPU
		{35BAD064-5B55-42EA-9EAD-D3E86356E3D4}.Debug|Any CPU.ActiveCfg = Debug|Any CPU
		{35BAD064-5B55-42EA-9EAD-D3E86356E3D4}.Debug|Any CPU.Build.0 = Debug|Any CPU
		{35BAD064-5B55-42EA-9EAD-D3E86356E3D4}.Release|Any CPU.ActiveCfg = Release|Any CPU
		{35BAD064-5B55-42EA-9EAD-D3E86356E3D4}.Release|Any CPU.Build.0 = Release|Any CPU
	EndGlobalSection
	GlobalSection(SolutionProperties) = preSolution
		HideSolutionNode = FALSE
	EndGlobalSection
	GlobalSection(ExtensibilityGlobals) = postSolution
		SolutionGuid = {CD83C2AD-71A8-49BD-90E4-5677B9B89520}
	EndGlobalSection
EndGlobal
